// !$*UTF8*$!
{
	archiveVersion = 1;
	classes = {
	};
	objectVersion = 48;
	objects = {

/* Begin PBXBuildFile section */
		835E015C206C2E77002631DE /* AppDelegate.swift in Sources */ = {isa = PBXBuildFile; fileRef = 835E015B206C2E77002631DE /* AppDelegate.swift */; };
		835E015E206C2E77002631DE /* CategoriesVC.swift in Sources */ = {isa = PBXBuildFile; fileRef = 835E015D206C2E77002631DE /* CategoriesVC.swift */; };
		835E0161206C2E77002631DE /* Main.storyboard in Resources */ = {isa = PBXBuildFile; fileRef = 835E015F206C2E77002631DE /* Main.storyboard */; };
		835E0163206C2E77002631DE /* Assets.xcassets in Resources */ = {isa = PBXBuildFile; fileRef = 835E0162206C2E77002631DE /* Assets.xcassets */; };
		835E0166206C2E77002631DE /* LaunchScreen.storyboard in Resources */ = {isa = PBXBuildFile; fileRef = 835E0164206C2E77002631DE /* LaunchScreen.storyboard */; };
		835E0171206C32F4002631DE /* CategoryCell.swift in Sources */ = {isa = PBXBuildFile; fileRef = 835E0170206C32F4002631DE /* CategoryCell.swift */; };
		835E0173206C3675002631DE /* Category.swift in Sources */ = {isa = PBXBuildFile; fileRef = 835E0172206C3675002631DE /* Category.swift */; };
		835E0176206C3870002631DE /* DataService.swift in Sources */ = {isa = PBXBuildFile; fileRef = 835E0175206C3870002631DE /* DataService.swift */; };
/* End PBXBuildFile section */

/* Begin PBXFileReference section */
		835E0158206C2E77002631DE /* retail-clothing-app.app */ = {isa = PBXFileReference; explicitFileType = wrapper.application; includeInIndex = 0; path = "retail-clothing-app.app"; sourceTree = BUILT_PRODUCTS_DIR; };
		835E015B206C2E77002631DE /* AppDelegate.swift */ = {isa = PBXFileReference; lastKnownFileType = sourcecode.swift; path = AppDelegate.swift; sourceTree = "<group>"; };
		835E015D206C2E77002631DE /* CategoriesVC.swift */ = {isa = PBXFileReference; lastKnownFileType = sourcecode.swift; path = CategoriesVC.swift; sourceTree = "<group>"; };
		835E0160206C2E77002631DE /* Base */ = {isa = PBXFileReference; lastKnownFileType = file.storyboard; name = Base; path = Base.lproj/Main.storyboard; sourceTree = "<group>"; };
		835E0162206C2E77002631DE /* Assets.xcassets */ = {isa = PBXFileReference; lastKnownFileType = folder.assetcatalog; path = Assets.xcassets; sourceTree = "<group>"; };
		835E0165206C2E77002631DE /* Base */ = {isa = PBXFileReference; lastKnownFileType = file.storyboard; name = Base; path = Base.lproj/LaunchScreen.storyboard; sourceTree = "<group>"; };
		835E0167206C2E77002631DE /* Info.plist */ = {isa = PBXFileReference; lastKnownFileType = text.plist.xml; path = Info.plist; sourceTree = "<group>"; };
		835E0170206C32F4002631DE /* CategoryCell.swift */ = {isa = PBXFileReference; lastKnownFileType = sourcecode.swift; path = CategoryCell.swift; sourceTree = "<group>"; };
		835E0172206C3675002631DE /* Category.swift */ = {isa = PBXFileReference; lastKnownFileType = sourcecode.swift; path = Category.swift; sourceTree = "<group>"; };
		835E0175206C3870002631DE /* DataService.swift */ = {isa = PBXFileReference; lastKnownFileType = sourcecode.swift; path = DataService.swift; sourceTree = "<group>"; };
/* End PBXFileReference section */

/* Begin PBXFrameworksBuildPhase section */
		835E0155206C2E77002631DE /* Frameworks */ = {
			isa = PBXFrameworksBuildPhase;
			buildActionMask = 2147483647;
			files = (
			);
			runOnlyForDeploymentPostprocessing = 0;
		};
/* End PBXFrameworksBuildPhase section */

/* Begin PBXGroup section */
		835E014F206C2E77002631DE = {
			isa = PBXGroup;
			children = (
				835E015A206C2E77002631DE /* retail-clothing-app */,
				835E0159206C2E77002631DE /* Products */,
			);
			sourceTree = "<group>";
		};
		835E0159206C2E77002631DE /* Products */ = {
			isa = PBXGroup;
			children = (
				835E0158206C2E77002631DE /* retail-clothing-app.app */,
			);
			name = Products;
			sourceTree = "<group>";
		};
		835E015A206C2E77002631DE /* retail-clothing-app */ = {
			isa = PBXGroup;
			children = (
				835E0174206C3864002631DE /* Services */,
				835E016D206C2F64002631DE /* Model */,
				835E016E206C2F70002631DE /* View */,
				835E016F206C2F76002631DE /* Controller */,
				835E015B206C2E77002631DE /* AppDelegate.swift */,
				835E015F206C2E77002631DE /* Main.storyboard */,
				835E0162206C2E77002631DE /* Assets.xcassets */,
				835E0164206C2E77002631DE /* LaunchScreen.storyboard */,
				835E0167206C2E77002631DE /* Info.plist */,
			);
			path = "retail-clothing-app";
			sourceTree = "<group>";
		};
		835E016D206C2F64002631DE /* Model */ = {
			isa = PBXGroup;
			children = (
				835E0172206C3675002631DE /* Category.swift */,
			);
			path = Model;
			sourceTree = "<group>";
		};
		835E016E206C2F70002631DE /* View */ = {
			isa = PBXGroup;
			children = (
				835E0170206C32F4002631DE /* CategoryCell.swift */,
			);
			path = View;
			sourceTree = "<group>";
		};
		835E016F206C2F76002631DE /* Controller */ = {
			isa = PBXGroup;
			children = (
				835E015D206C2E77002631DE /* CategoriesVC.swift */,
			);
			path = Controller;
			sourceTree = "<group>";
		};
		835E0174206C3864002631DE /* Services */ = {
			isa = PBXGroup;
			children = (
				835E0175206C3870002631DE /* DataService.swift */,
			);
			path = Services;
			sourceTree = "<group>";
		};
/* End PBXGroup section */

/* Begin PBXNativeTarget section */
		835E0157206C2E77002631DE /* retail-clothing-app */ = {
			isa = PBXNativeTarget;
			buildConfigurationList = 835E016A206C2E77002631DE /* Build configuration list for PBXNativeTarget "retail-clothing-app" */;
			buildPhases = (
				835E0154206C2E77002631DE /* Sources */,
				835E0155206C2E77002631DE /* Frameworks */,
				835E0156206C2E77002631DE /* Resources */,
			);
			buildRules = (
			);
			dependencies = (
			);
			name = "retail-clothing-app";
			productName = "retail-clothing-app";
			productReference = 835E0158206C2E77002631DE /* retail-clothing-app.app */;
			productType = "com.apple.product-type.application";
		};
/* End PBXNativeTarget section */

/* Begin PBXProject section */
		835E0150206C2E77002631DE /* Project object */ = {
			isa = PBXProject;
			attributes = {
				LastSwiftUpdateCheck = 0920;
				LastUpgradeCheck = 0920;
				ORGANIZATIONNAME = "Chris Sluppick";
				TargetAttributes = {
					835E0157206C2E77002631DE = {
						CreatedOnToolsVersion = 9.2;
						ProvisioningStyle = Automatic;
					};
				};
			};
			buildConfigurationList = 835E0153206C2E77002631DE /* Build configuration list for PBXProject "retail-clothing-app" */;
			compatibilityVersion = "Xcode 8.0";
			developmentRegion = en;
			hasScannedForEncodings = 0;
			knownRegions = (
				en,
				Base,
			);
			mainGroup = 835E014F206C2E77002631DE;
			productRefGroup = 835E0159206C2E77002631DE /* Products */;
			projectDirPath = "";
			projectRoot = "";
			targets = (
				835E0157206C2E77002631DE /* retail-clothing-app */,
			);
		};
/* End PBXProject section */

/* Begin PBXResourcesBuildPhase section */
		835E0156206C2E77002631DE /* Resources */ = {
			isa = PBXResourcesBuildPhase;
			buildActionMask = 2147483647;
			files = (
				835E0166206C2E77002631DE /* LaunchScreen.storyboard in Resources */,
				835E0163206C2E77002631DE /* Assets.xcassets in Resources */,
				835E0161206C2E77002631DE /* Main.storyboard in Resources */,
			);
			runOnlyForDeploymentPostprocessing = 0;
		};
/* End PBXResourcesBuildPhase section */

/* Begin PBXSourcesBuildPhase section */
		835E0154206C2E77002631DE /* Sources */ = {
			isa = PBXSourcesBuildPhase;
			buildActionMask = 2147483647;
			files = (
				835E015E206C2E77002631DE /* CategoriesVC.swift in Sources */,
				835E015C206C2E77002631DE /* AppDelegate.swift in Sources */,
				835E0171206C32F4002631DE /* CategoryCell.swift in Sources */,
				835E0173206C3675002631DE /* Category.swift in Sources */,
				835E0176206C3870002631DE /* DataService.swift in Sources */,
			);
			runOnlyForDeploymentPostprocessing = 0;
		};
/* End PBXSourcesBuildPhase section */

/* Begin PBXVariantGroup section */
		835E015F206C2E77002631DE /* Main.storyboard */ = {
			isa = PBXVariantGroup;
			children = (
				835E0160206C2E77002631DE /* Base */,
			);
			name = Main.storyboard;
			sourceTree = "<group>";
		};
		835E0164206C2E77002631DE /* LaunchScreen.storyboard */ = {
			isa = PBXVariantGroup;
			children = (
				835E0165206C2E77002631DE /* Base */,
			);
			name = LaunchScreen.storyboard;
			sourceTree = "<group>";
		};
/* End PBXVariantGroup section */

/* Begin XCBuildConfiguration section */
		835E0168206C2E77002631DE /* Debug */ = {
			isa = XCBuildConfiguration;
			buildSettings = {
				ALWAYS_SEARCH_USER_PATHS = NO;
				CLANG_ANALYZER_NONNULL = YES;
				CLANG_ANALYZER_NUMBER_OBJECT_CONVERSION = YES_AGGRESSIVE;
				CLANG_CXX_LANGUAGE_STANDARD = "gnu++14";
				CLANG_CXX_LIBRARY = "libc++";
				CLANG_ENABLE_MODULES = YES;
				CLANG_ENABLE_OBJC_ARC = YES;
				CLANG_WARN_BLOCK_CAPTURE_AUTORELEASING = YES;
				CLANG_WARN_BOOL_CONVERSION = YES;
				CLANG_WARN_COMMA = YES;
				CLANG_WARN_CONSTANT_CONVERSION = YES;
				CLANG_WARN_DIRECT_OBJC_ISA_USAGE = YES_ERROR;
				CLANG_WARN_DOCUMENTATION_COMMENTS = YES;
				CLANG_WARN_EMPTY_BODY = YES;
				CLANG_WARN_ENUM_CONVERSION = YES;
				CLANG_WARN_INFINITE_RECURSION = YES;
				CLANG_WARN_INT_CONVERSION = YES;
				CLANG_WARN_NON_LITERAL_NULL_CONVERSION = YES;
				CLANG_WARN_OBJC_LITERAL_CONVERSION = YES;
				CLANG_WARN_OBJC_ROOT_CLASS = YES_ERROR;
				CLANG_WARN_RANGE_LOOP_ANALYSIS = YES;
				CLANG_WARN_STRICT_PROTOTYPES = YES;
				CLANG_WARN_SUSPICIOUS_MOVE = YES;
				CLANG_WARN_UNGUARDED_AVAILABILITY = YES_AGGRESSIVE;
				CLANG_WARN_UNREACHABLE_CODE = YES;
				CLANG_WARN__DUPLICATE_METHOD_MATCH = YES;
				CODE_SIGN_IDENTITY = "iPhone Developer";
				COPY_PHASE_STRIP = NO;
				DEBUG_INFORMATION_FORMAT = dwarf;
				ENABLE_STRICT_OBJC_MSGSEND = YES;
				ENABLE_TESTABILITY = YES;
				GCC_C_LANGUAGE_STANDARD = gnu11;
				GCC_DYNAMIC_NO_PIC = NO;
				GCC_NO_COMMON_BLOCKS = YES;
				GCC_OPTIMIZATION_LEVEL = 0;
				GCC_PREPROCESSOR_DEFINITIONS = (
					"DEBUG=1",
					"$(inherited)",
				);
				GCC_WARN_64_TO_32_BIT_CONVERSION = YES;
				GCC_WARN_ABOUT_RETURN_TYPE = YES_ERROR;
				GCC_WARN_UNDECLARED_SELECTOR = YES;
				GCC_WARN_UNINITIALIZED_AUTOS = YES_AGGRESSIVE;
				GCC_WARN_UNUSED_FUNCTION = YES;
				GCC_WARN_UNUSED_VARIABLE = YES;
				IPHONEOS_DEPLOYMENT_TARGET = 11.2;
				MTL_ENABLE_DEBUG_INFO = YES;
				ONLY_ACTIVE_ARCH = YES;
				SDKROOT = iphoneos;
				SWIFT_ACTIVE_COMPILATION_CONDITIONS = DEBUG;
				SWIFT_OPTIMIZATION_LEVEL = "-Onone";
			};
			name = Debug;
		};
		835E0169206C2E77002631DE /* Release */ = {
			isa = XCBuildConfiguration;
			buildSettings = {
				ALWAYS_SEARCH_USER_PATHS = NO;
				CLANG_ANALYZER_NONNULL = YES;
				CLANG_ANALYZER_NUMBER_OBJECT_CONVERSION = YES_AGGRESSIVE;
				CLANG_CXX_LANGUAGE_STANDARD = "gnu++14";
				CLANG_CXX_LIBRARY = "libc++";
				CLANG_ENABLE_MODULES = YES;
				CLANG_ENABLE_OBJC_ARC = YES;
				CLANG_WARN_BLOCK_CAPTURE_AUTORELEASING = YES;
				CLANG_WARN_BOOL_CONVERSION = YES;
				CLANG_WARN_COMMA = YES;
				CLANG_WARN_CONSTANT_CONVERSION = YES;
				CLANG_WARN_DIRECT_OBJC_ISA_USAGE = YES_ERROR;
				CLANG_WARN_DOCUMENTATION_COMMENTS = YES;
				CLANG_WARN_EMPTY_BODY = YES;
				CLANG_WARN_ENUM_CONVERSION = YES;
				CLANG_WARN_INFINITE_RECURSION = YES;
				CLANG_WARN_INT_CONVERSION = YES;
				CLANG_WARN_NON_LITERAL_NULL_CONVERSION = YES;
				CLANG_WARN_OBJC_LITERAL_CONVERSION = YES;
				CLANG_WARN_OBJC_ROOT_CLASS = YES_ERROR;
				CLANG_WARN_RANGE_LOOP_ANALYSIS = YES;
				CLANG_WARN_STRICT_PROTOTYPES = YES;
				CLANG_WARN_SUSPICIOUS_MOVE = YES;
				CLANG_WARN_UNGUARDED_AVAILABILITY = YES_AGGRESSIVE;
				CLANG_WARN_UNREACHABLE_CODE = YES;
				CLANG_WARN__DUPLICATE_METHOD_MATCH = YES;
				CODE_SIGN_IDENTITY = "iPhone Developer";
				COPY_PHASE_STRIP = NO;
				DEBUG_INFORMATION_FORMAT = "dwarf-with-dsym";
				ENABLE_NS_ASSERTIONS = NO;
				ENABLE_STRICT_OBJC_MSGSEND = YES;
				GCC_C_LANGUAGE_STANDARD = gnu11;
				GCC_NO_COMMON_BLOCKS = YES;
				GCC_WARN_64_TO_32_BIT_CONVERSION = YES;
				GCC_WARN_ABOUT_RETURN_TYPE = YES_ERROR;
				GCC_WARN_UNDECLARED_SELECTOR = YES;
				GCC_WARN_UNINITIALIZED_AUTOS = YES_AGGRESSIVE;
				GCC_WARN_UNUSED_FUNCTION = YES;
				GCC_WARN_UNUSED_VARIABLE = YES;
				IPHONEOS_DEPLOYMENT_TARGET = 11.2;
				MTL_ENABLE_DEBUG_INFO = NO;
				SDKROOT = iphoneos;
				SWIFT_OPTIMIZATION_LEVEL = "-Owholemodule";
				VALIDATE_PRODUCT = YES;
			};
			name = Release;
		};
		835E016B206C2E77002631DE /* Debug */ = {
			isa = XCBuildConfiguration;
			buildSettings = {
				ASSETCATALOG_COMPILER_APPICON_NAME = AppIcon;
				CODE_SIGN_STYLE = Automatic;
				DEVELOPMENT_TEAM = Q8A7PL9H2A;
				INFOPLIST_FILE = "retail-clothing-app/Info.plist";
				LD_RUNPATH_SEARCH_PATHS = "$(inherited) @executable_path/Frameworks";
				PRODUCT_BUNDLE_IDENTIFIER = "com.sluppickdesign.retail-clothing-app";
				PRODUCT_NAME = "$(TARGET_NAME)";
				SWIFT_VERSION = 4.0;
				TARGETED_DEVICE_FAMILY = "1,2";
			};
			name = Debug;
		};
		835E016C206C2E77002631DE /* Release */ = {
			isa = XCBuildConfiguration;
			buildSettings = {
				ASSETCATALOG_COMPILER_APPICON_NAME = AppIcon;
				CODE_SIGN_STYLE = Automatic;
				DEVELOPMENT_TEAM = Q8A7PL9H2A;
				INFOPLIST_FILE = "retail-clothing-app/Info.plist";
				LD_RUNPATH_SEARCH_PATHS = "$(inherited) @executable_path/Frameworks";
				PRODUCT_BUNDLE_IDENTIFIER = "com.sluppickdesign.retail-clothing-app";
				PRODUCT_NAME = "$(TARGET_NAME)";
				SWIFT_VERSION = 4.0;
				TARGETED_DEVICE_FAMILY = "1,2";
			};
			name = Release;
		};
/* End XCBuildConfiguration section */

/* Begin XCConfigurationList section */
		835E0153206C2E77002631DE /* Build configuration list for PBXProject "retail-clothing-app" */ = {
			isa = XCConfigurationList;
			buildConfigurations = (
				835E0168206C2E77002631DE /* Debug */,
				835E0169206C2E77002631DE /* Release */,
			);
			defaultConfigurationIsVisible = 0;
			defaultConfigurationName = Release;
		};
		835E016A206C2E77002631DE /* Build configuration list for PBXNativeTarget "retail-clothing-app" */ = {
			isa = XCConfigurationList;
			buildConfigurations = (
				835E016B206C2E77002631DE /* Debug */,
				835E016C206C2E77002631DE /* Release */,
			);
			defaultConfigurationIsVisible = 0;
			defaultConfigurationName = Release;
		};
/* End XCConfigurationList section */
	};
	rootObject = 835E0150206C2E77002631DE /* Project object */;
}
